github.com/antchfx/xmlquery v1.3.13 h1:wqhTv2BN5MzYg9rnPVtZb3IWP8kW6WV/ebAY0FCTI7Y=
github.com/antchfx/xmlquery v1.3.13/go.mod h1:3w2RvQvTz+DaT5fSgsELkSJcdNgkmg6vuXDEuhdwsPQ=
github.com/antchfx/xpath v1.2.1 h1:qhp4EW6aCOVr5XIkT+l6LJ9ck/JsUH/yyauNgTQkBF8=
github.com/antchfx/xpath v1.2.1/go.mod h1:i54GszH55fYfBmoZXapTHN8T8tkcHfRgLyVwwqzXNcs=
github.com/asaskevich/govalidator v0.0.0-20210307081110-f21760c49a8d h1:Byv0BzEl3/e6D5CLfI0j/7hiIEtvGVFPCZ7Ei2oq8iQ=
github.com/asaskevich/govalidator v0.0.0-20210307081110-f21760c49a8d/go.mod h1:WaHUgvxTVq04UNunO+XhnAqY/wQc+bxr74GqbsZ/Jqw=
github.com/ddosify/go-faker v0.1.1 h1:S18MhU7p237JLTwkOyjfMND1M/vdTLlEbTvv005kdRY=
github.com/ddosify/go-faker v0.1.1/go.mod h1:59U3tEeBJY+7zXwZyuGpmfblEVb9yJ3hTPRPE8PC8SE=
github.com/enescakir/emoji v1.0.0 h1:W+HsNql8swfCQFtioDGDHCHri8nudlK1n5p2rHCJoog=
github.com/enescakir/emoji v1.0.0/go.mod h1:Bt1EKuLnKDTYpLALApstIkAjdDrS/8IAgTkKp+WKFD0=
github.com/fatih/color v1.13.0 h1:8LOYc1KYPPmyKMuN8QV2DNRWNbLo6LZ0iLs8+mlH53w=
github.com/fatih/color v1.13.0/go.mod h1:kLAiJbzzSOZDVNGyDpeOxJ47H46qBXwg5ILebYFFOfk=
github.com/golang/groupcache v0.0.0-20200121045136-8c9f03a8e57e h1:1r7pUrabqp18hOBcwBwiTsbnFeTZHV9eER/QT5JVZxY=
github.com/golang/groupcache v0.0.0-20200121045136-8c9f03a8e57e/go.mod h1:cIg4eruTrX1D+g88fzRXU5OdNfaM+9IcxsU14FzY7Hc=
github.com/google/uuid v1.3.0 h1:t6JiXgmwXMjEs8VusXIJk2BXHsn+wx8BZdTaoZ5fu7I=
github.com/google/uuid v1.3.0/go.mod h1:TIyPZe4MgqvfeYDBFedMoGGpEw/LqOeaOT+nhxU+yHo=
github.com/jaswdr/faker v1.10.2 h1:GK03wuDqa8V6BE+2VRr3DJ/G4T0iUDCzVoBCj5TM4b8=
github.com/jaswdr/faker v1.10.2/go.mod h1:x7ZlyB1AZqwqKZgyQlnqEG8FDptmHlncA5u2zY/yi6w=
github.com/mattn/go-colorable v0.1.9/go.mod h1:u6P/XSegPjTcexA+o6vUJrdnUu04hMope9wVRipJSqc=
github.com/mattn/go-colorable v0.1.12 h1:jF+Du6AlPIjs2BiUiQlKOX0rt3SujHxPnksPKZbaA40=
github.com/mattn/go-colorable v0.1.12/go.mod h1:u5H1YNBxpqRaxsYJYSkiCWKzEfiAb1Gb520KVy5xxl4=
github.com/mattn/go-isatty v0.0.12/go.mod h1:cbi8OIDigv2wuxKPP5vlRcQ1OAZbq2CE4Kysco4FUpU=
github.com/mattn/go-isatty v0.0.14 h1:yVuAays6BHfxijgZPzw+3Zlu5yQgKGP2/hcQbHb7S9Y=
github.com/mattn/go-isatty v0.0.14/go.mod h1:7GGIvUiUoEMVVmxf/4nioHXj79iQHKdU27kJ6hsGG94=
github.com/tidwall/gjson v1.14.4 h1:uo0p8EbA09J7RQaflQ1aBRffTR7xedD2bcIVSYxLnkM=
github.com/tidwall/gjson v1.14.4/go.mod h1:/wbyibRr2FHMks5tjHJ5F8dMZh3AcwJEMf5vlfC0lxk=
github.com/tidwall/match v1.1.1 h1:+Ho715JplO36QYgwN9PGYNhgZvoUSc9X2c80KVTi+GA=
github.com/tidwall/match v1.1.1/go.mod h1:eRSPERbgtNPcGhD8UCthc6PmLEQXEWd3PRB5JTxsfmM=
github.com/tidwall/pretty v1.2.0 h1:RWIZEg2iJ8/g6fDDYzMpobmaoGh5OLl4AXtGUGPcqCs=
github.com/tidwall/pretty v1.2.0/go.mod h1:ITEVvHYasfjBbM0u2Pg8T2nJnzm8xPwvNhhsoaGGjNU=
github.com/yuin/goldmark v1.4.13 h1:fVcFKWvrslecOb/tg+Cc05dkeYx540o0FuFt3nUVDoE=
github.com/yuin/goldmark v1.4.13/go.mod h1:6yULJ656Px+3vBD8DxQVa3kxgyrAnzto9xy5taEt/CY=
golang.org/x/mod v0.7.0 h1:LapD9S96VoQRhi/GrNTqeBJFrUjs5UHCAtTlgwA5oZA=
golang.org/x/mod v0.7.0/go.mod h1:iBbtSCu2XBx23ZKBPSOrRkjjQPZFPuis4dIYUhu/chs=
golang.org/x/net v0.0.0-20220127200216-cd36cc0744dd/go.mod h1:CfG3xpIq0wQ8r1q4Su4UZFWDARRcnwPjda9FqA0JpMk=
golang.org/x/net v0.0.0-20220425223048-2871e0cb64e4 h1:HVyaeDAYux4pnY+D/SiwmLOR36ewZ4iGQIIrtnuCjFA=
golang.org/x/net v0.0.0-20220425223048-2871e0cb64e4/go.mod h1:CfG3xpIq0wQ8r1q4Su4UZFWDARRcnwPjda9FqA0JpMk=
golang.org/x/net v0.3.0 h1:VWL6FNY2bEEmsGVKabSlHu5Irp34xmMRoqb/9lF9lxk=
golang.org/x/net v0.3.0/go.mod h1:MBQ8lrhLObU/6UmLb4fmbmk5OcyYmqtbGd/9yIeKjEE=
golang.org/x/sys v0.0.0-20200116001909-b77594299b42/go.mod h1:h1NjWce9XRLGQEsW7wpKNCjG9DtNlClVuFLEZdDNbEs=
golang.org/x/sys v0.0.0-20200223170610-d5e6a3e2c0ae/go.mod h1:h1NjWce9XRLGQEsW7wpKNCjG9DtNlClVuFLEZdDNbEs=
golang.org/x/sys v0.0.0-20210615035016-665e8c7367d1/go.mod h1:oPkhp1MJrh7nUepCBck5+mAzfO9JrbApNNgaTdGDITg=
golang.org/x/sys v0.0.0-20210630005230-0f9fa26af87c/go.mod h1:oPkhp1MJrh7nUepCBck5+mAzfO9JrbApNNgaTdGDITg=
golang.org/x/sys v0.0.0-20210927094055-39ccf1dd6fa6/go.mod h1:oPkhp1MJrh7nUepCBck5+mAzfO9JrbApNNgaTdGDITg=
golang.org/x/sys v0.0.0-20211216021012-1d35b9e2eb4e/go.mod h1:oPkhp1MJrh7nUepCBck5+mAzfO9JrbApNNgaTdGDITg=
golang.org/x/sys v0.0.0-20220422013727-9388b58f7150 h1:xHms4gcpe1YE7A3yIllJXP16CMAGuqwO2lX1mTyyRRc=
golang.org/x/sys v0.0.0-20220422013727-9388b58f7150/go.mod h1:oPkhp1MJrh7nUepCBck5+mAzfO9JrbApNNgaTdGDITg=
golang.org/x/sys v0.3.0 h1:w8ZOecv6NaNa/zC8944JTU3vz4u6Lagfk4RPQxv92NQ=
golang.org/x/sys v0.3.0/go.mod h1:oPkhp1MJrh7nUepCBck5+mAzfO9JrbApNNgaTdGDITg=
golang.org/x/term v0.0.0-20210927222741-03fcf44c2211/go.mod h1:jbD1KX2456YbFQfuXm/mYQcufACuNUgVhRMnK/tPxf8=
golang.org/x/text v0.3.7 h1:olpwvP2KacW1ZWvsR7uQhoyTYvKAupfQrRGBFM352Gk=
golang.org/x/text v0.3.7/go.mod h1:u+2+/6zg+i71rQMx5EYifcz6MCKuco9NR6JIITiCfzQ=
golang.org/x/text v0.5.0 h1:OLmvp0KP+FVG99Ct/qFiL/Fhk4zp4QQnZ7b2U+5piUM=
golang.org/x/text v0.5.0/go.mod h1:mrYo+phRRbMaCq/xk9113O4dZlRixOauAjOtrjsXDZ8=
golang.org/x/tools v0.0.0-20180917221912-90fa682c2a6e/go.mod h1:n7NCudcB/nEzxVGmLbDWY5pfWTLqBcC2KZ6jyYvM4mQ=
golang.org/x/tools v0.4.0 h1:7mTAgkunk3fr4GAloyyCasadO6h9zSsQZbwvcaIciV4=
golang.org/x/tools v0.4.0/go.mod h1:UE5sM2OK9E/d67R0ANs2xJizIymRP5gJU295PvKXxjQ=
